
Microsoft Visual Studio Solution File, Format Version 12.00
# Visual Studio 15
VisualStudioVersion = 15.0.27703.2000
MinimumVisualStudioVersion = 10.0.40219.1
Project("{FAE04EC0-301F-11D3-BF4B-00C04F79EFBC}") = "BookMyShow", "BookMyShow\BookMyShow.csproj", "{8A881886-9F9F-449E-A5E7-8AE896C37DA8}"
EndProject
Global
	GlobalSection(SolutionConfigurationPlatforms) = preSolution
		Debug|Any CPU = Debug|Any CPU
		Release|Any CPU = Release|Any CPU
	EndGlobalSection
	GlobalSection(ProjectConfigurationPlatforms) = postSolution
		{8A881886-9F9F-449E-A5E7-8AE896C37DA8}.Debug|Any CPU.ActiveCfg = Debug|Any CPU
		{8A881886-9F9F-449E-A5E7-8AE896C37DA8}.Debug|Any CPU.Build.0 = Debug|Any CPU
		{8A881886-9F9F-449E-A5E7-8AE896C37DA8}.Release|Any CPU.ActiveCfg = Release|Any CPU
		{8A881886-9F9F-449E-A5E7-8AE896C37DA8}.Release|Any CPU.Build.0 = Release|Any CPU
	EndGlobalSection
	GlobalSection(SolutionProperties) = preSolution
		HideSolutionNode = FALSE
	EndGlobalSection
	GlobalSection(ExtensibilityGlobals) = postSolution
		SolutionGuid = {DE407B1C-C921-4F49-B1EF-CBE9A20407BF}
	EndGlobalSection
EndGlobal
